
Microsoft Visual Studio Solution File, Format Version 12.00
# Visual Studio Version 16
VisualStudioVersion = 16.0.30114.105
MinimumVisualStudioVersion = 10.0.40219.1
Project("{9A19103F-16F7-4668-BE54-9A1E7A4F7556}") = "Lecture 4 Exercises", "Lecture 4 Exercises\Lecture 4 Exercises.csproj", "{7EC227C7-189B-41C2-9AD2-9891CAED26DC}"
EndProject
Project("{9A19103F-16F7-4668-BE54-9A1E7A4F7556}") = "Lecture 4 Solutions", "Lecture 4 Solutions\Lecture 4 Solutions.csproj", "{43833759-FBB9-4BB1-B7DC-4F7DC86AA8B8}"
EndProject
Project("{9A19103F-16F7-4668-BE54-9A1E7A4F7556}") = "Lecture 4 Tests", "Lecture 4 Tests\Lecture 4 Tests.csproj", "{03B3C324-8AE1-4CBB-95C6-4E66EA343641}"
EndProject
Project("{9A19103F-16F7-4668-BE54-9A1E7A4F7556}") = "TestTools", "..\TestTools\TestTools.csproj", "{BBC39A54-724F-420C-AC3A-0016EAB88C80}"
EndProject
Project("{9A19103F-16F7-4668-BE54-9A1E7A4F7556}") = "TestTools.MSTest", "..\TestTools.MSTest\TestTools.MSTest.csproj", "{3FA89EE0-548E-4501-8AF5-04A9FA23C460}"
EndProject
Global
	GlobalSection(SolutionConfigurationPlatforms) = preSolution
		Debug|Any CPU = Debug|Any CPU
		Release|Any CPU = Release|Any CPU
	EndGlobalSection
	GlobalSection(ProjectConfigurationPlatforms) = postSolution
		{7EC227C7-189B-41C2-9AD2-9891CAED26DC}.Debug|Any CPU.ActiveCfg = Debug|Any CPU
		{7EC227C7-189B-41C2-9AD2-9891CAED26DC}.Debug|Any CPU.Build.0 = Debug|Any CPU
		{7EC227C7-189B-41C2-9AD2-9891CAED26DC}.Release|Any CPU.ActiveCfg = Release|Any CPU
		{7EC227C7-189B-41C2-9AD2-9891CAED26DC}.Release|Any CPU.Build.0 = Release|Any CPU
		{43833759-FBB9-4BB1-B7DC-4F7DC86AA8B8}.Debug|Any CPU.ActiveCfg = Debug|Any CPU
		{43833759-FBB9-4BB1-B7DC-4F7DC86AA8B8}.Debug|Any CPU.Build.0 = Debug|Any CPU
		{43833759-FBB9-4BB1-B7DC-4F7DC86AA8B8}.Release|Any CPU.ActiveCfg = Release|Any CPU
		{43833759-FBB9-4BB1-B7DC-4F7DC86AA8B8}.Release|Any CPU.Build.0 = Release|Any CPU
		{03B3C324-8AE1-4CBB-95C6-4E66EA343641}.Debug|Any CPU.ActiveCfg = Debug|Any CPU
		{03B3C324-8AE1-4CBB-95C6-4E66EA343641}.Debug|Any CPU.Build.0 = Debug|Any CPU
		{03B3C324-8AE1-4CBB-95C6-4E66EA343641}.Release|Any CPU.ActiveCfg = Release|Any CPU
		{03B3C324-8AE1-4CBB-95C6-4E66EA343641}.Release|Any CPU.Build.0 = Release|Any CPU
		{BBC39A54-724F-420C-AC3A-0016EAB88C80}.Debug|Any CPU.ActiveCfg = Debug|Any CPU
		{BBC39A54-724F-420C-AC3A-0016EAB88C80}.Debug|Any CPU.Build.0 = Debug|Any CPU
		{BBC39A54-724F-420C-AC3A-0016EAB88C80}.Release|Any CPU.ActiveCfg = Release|Any CPU
		{BBC39A54-724F-420C-AC3A-0016EAB88C80}.Release|Any CPU.Build.0 = Release|Any CPU
		{3FA89EE0-548E-4501-8AF5-04A9FA23C460}.Debug|Any CPU.ActiveCfg = Debug|Any CPU
		{3FA89EE0-548E-4501-8AF5-04A9FA23C460}.Debug|Any CPU.Build.0 = Debug|Any CPU
		{3FA89EE0-548E-4501-8AF5-04A9FA23C460}.Release|Any CPU.ActiveCfg = Release|Any CPU
		{3FA89EE0-548E-4501-8AF5-04A9FA23C460}.Release|Any CPU.Build.0 = Release|Any CPU
	EndGlobalSection
	GlobalSection(SolutionProperties) = preSolution
		HideSolutionNode = FALSE
	EndGlobalSection
	GlobalSection(ExtensibilityGlobals) = postSolution
		SolutionGuid = {563A0DAD-7E5B-44D2-962A-92C69E76D1D2}
	EndGlobalSection
EndGlobal
